// !$*UTF8*$!
{
	archiveVersion = 1;
	classes = {
	};
	objectVersion = 46;
	objects = {

/* Begin PBXBuildFile section */
		05BD328A1EC215EF004C6F89 /* AppDelegate.swift in Sources */ = {isa = PBXBuildFile; fileRef = 05BD32891EC215EF004C6F89 /* AppDelegate.swift */; };
		05BD328C1EC215EF004C6F89 /* ViewController.swift in Sources */ = {isa = PBXBuildFile; fileRef = 05BD328B1EC215EF004C6F89 /* ViewController.swift */; };
		05BD328F1EC215EF004C6F89 /* Main.storyboard in Resources */ = {isa = PBXBuildFile; fileRef = 05BD328D1EC215EF004C6F89 /* Main.storyboard */; };
		05BD32911EC215EF004C6F89 /* Assets.xcassets in Resources */ = {isa = PBXBuildFile; fileRef = 05BD32901EC215EF004C6F89 /* Assets.xcassets */; };
		05BD32941EC215EF004C6F89 /* LaunchScreen.storyboard in Resources */ = {isa = PBXBuildFile; fileRef = 05BD32921EC215EF004C6F89 /* LaunchScreen.storyboard */; };
		05BD329F1EC215F0004C6F89 /* QuanLySinhVienTests.swift in Sources */ = {isa = PBXBuildFile; fileRef = 05BD329E1EC215F0004C6F89 /* QuanLySinhVienTests.swift */; };
		05BD32AA1EC215F0004C6F89 /* QuanLySinhVienUITests.swift in Sources */ = {isa = PBXBuildFile; fileRef = 05BD32A91EC215F0004C6F89 /* QuanLySinhVienUITests.swift */; };
		05BD32BD1EC2176D004C6F89 /* MangementStudentController.swift in Sources */ = {isa = PBXBuildFile; fileRef = 05BD32BC1EC2176D004C6F89 /* MangementStudentController.swift */; };
		05BD32BF1EC217D3004C6F89 /* StudentDetailController.swift in Sources */ = {isa = PBXBuildFile; fileRef = 05BD32BE1EC217D3004C6F89 /* StudentDetailController.swift */; };
		05BD32C11EC21815004C6F89 /* AddStudentController.swift in Sources */ = {isa = PBXBuildFile; fileRef = 05BD32C01EC21815004C6F89 /* AddStudentController.swift */; };
		05BD32C31EC21889004C6F89 /* StudentModel.swift in Sources */ = {isa = PBXBuildFile; fileRef = 05BD32C21EC21889004C6F89 /* StudentModel.swift */; };
		05BD32C51EC21918004C6F89 /* StudentTableViewCell.swift in Sources */ = {isa = PBXBuildFile; fileRef = 05BD32C41EC21918004C6F89 /* StudentTableViewCell.swift */; };
		05BD32C71EC22970004C6F89 /* Constants.swift in Sources */ = {isa = PBXBuildFile; fileRef = 05BD32C61EC22970004C6F89 /* Constants.swift */; };
/* End PBXBuildFile section */

/* Begin PBXContainerItemProxy section */
		05BD329B1EC215F0004C6F89 /* PBXContainerItemProxy */ = {
			isa = PBXContainerItemProxy;
			containerPortal = 05BD327E1EC215EF004C6F89 /* Project object */;
			proxyType = 1;
			remoteGlobalIDString = 05BD32851EC215EF004C6F89;
			remoteInfo = QuanLySinhVien;
		};
		05BD32A61EC215F0004C6F89 /* PBXContainerItemProxy */ = {
			isa = PBXContainerItemProxy;
			containerPortal = 05BD327E1EC215EF004C6F89 /* Project object */;
			proxyType = 1;
			remoteGlobalIDString = 05BD32851EC215EF004C6F89;
			remoteInfo = QuanLySinhVien;
		};
/* End PBXContainerItemProxy section */

/* Begin PBXFileReference section */
		05BD32861EC215EF004C6F89 /* QuanLySinhVien.app */ = {isa = PBXFileReference; explicitFileType = wrapper.application; includeInIndex = 0; path = QuanLySinhVien.app; sourceTree = BUILT_PRODUCTS_DIR; };
		05BD32891EC215EF004C6F89 /* AppDelegate.swift */ = {isa = PBXFileReference; lastKnownFileType = sourcecode.swift; path = AppDelegate.swift; sourceTree = "<group>"; };
		05BD328B1EC215EF004C6F89 /* ViewController.swift */ = {isa = PBXFileReference; lastKnownFileType = sourcecode.swift; path = ViewController.swift; sourceTree = "<group>"; };
		05BD328E1EC215EF004C6F89 /* Base */ = {isa = PBXFileReference; lastKnownFileType = file.storyboard; name = Base; path = Base.lproj/Main.storyboard; sourceTree = "<group>"; };
		05BD32901EC215EF004C6F89 /* Assets.xcassets */ = {isa = PBXFileReference; lastKnownFileType = folder.assetcatalog; path = Assets.xcassets; sourceTree = "<group>"; };
		05BD32931EC215EF004C6F89 /* Base */ = {isa = PBXFileReference; lastKnownFileType = file.storyboard; name = Base; path = Base.lproj/LaunchScreen.storyboard; sourceTree = "<group>"; };
		05BD32951EC215EF004C6F89 /* Info.plist */ = {isa = PBXFileReference; lastKnownFileType = text.plist.xml; path = Info.plist; sourceTree = "<group>"; };
		05BD329A1EC215F0004C6F89 /* QuanLySinhVienTests.xctest */ = {isa = PBXFileReference; explicitFileType = wrapper.cfbundle; includeInIndex = 0; path = QuanLySinhVienTests.xctest; sourceTree = BUILT_PRODUCTS_DIR; };
		05BD329E1EC215F0004C6F89 /* QuanLySinhVienTests.swift */ = {isa = PBXFileReference; lastKnownFileType = sourcecode.swift; path = QuanLySinhVienTests.swift; sourceTree = "<group>"; };
		05BD32A01EC215F0004C6F89 /* Info.plist */ = {isa = PBXFileReference; lastKnownFileType = text.plist.xml; path = Info.plist; sourceTree = "<group>"; };
		05BD32A51EC215F0004C6F89 /* QuanLySinhVienUITests.xctest */ = {isa = PBXFileReference; explicitFileType = wrapper.cfbundle; includeInIndex = 0; path = QuanLySinhVienUITests.xctest; sourceTree = BUILT_PRODUCTS_DIR; };
		05BD32A91EC215F0004C6F89 /* QuanLySinhVienUITests.swift */ = {isa = PBXFileReference; lastKnownFileType = sourcecode.swift; path = QuanLySinhVienUITests.swift; sourceTree = "<group>"; };
		05BD32AB1EC215F0004C6F89 /* Info.plist */ = {isa = PBXFileReference; lastKnownFileType = text.plist.xml; path = Info.plist; sourceTree = "<group>"; };
		05BD32BC1EC2176D004C6F89 /* MangementStudentController.swift */ = {isa = PBXFileReference; fileEncoding = 4; lastKnownFileType = sourcecode.swift; path = MangementStudentController.swift; sourceTree = "<group>"; };
		05BD32BE1EC217D3004C6F89 /* StudentDetailController.swift */ = {isa = PBXFileReference; fileEncoding = 4; lastKnownFileType = sourcecode.swift; path = StudentDetailController.swift; sourceTree = "<group>"; };
		05BD32C01EC21815004C6F89 /* AddStudentController.swift */ = {isa = PBXFileReference; fileEncoding = 4; lastKnownFileType = sourcecode.swift; path = AddStudentController.swift; sourceTree = "<group>"; };
		05BD32C21EC21889004C6F89 /* StudentModel.swift */ = {isa = PBXFileReference; fileEncoding = 4; lastKnownFileType = sourcecode.swift; path = StudentModel.swift; sourceTree = "<group>"; };
		05BD32C41EC21918004C6F89 /* StudentTableViewCell.swift */ = {isa = PBXFileReference; fileEncoding = 4; lastKnownFileType = sourcecode.swift; path = StudentTableViewCell.swift; sourceTree = "<group>"; };
		05BD32C61EC22970004C6F89 /* Constants.swift */ = {isa = PBXFileReference; fileEncoding = 4; lastKnownFileType = sourcecode.swift; path = Constants.swift; sourceTree = "<group>"; };
/* End PBXFileReference section */

/* Begin PBXFrameworksBuildPhase section */
		05BD32831EC215EF004C6F89 /* Frameworks */ = {
			isa = PBXFrameworksBuildPhase;
			buildActionMask = 2147483647;
			files = (
			);
			runOnlyForDeploymentPostprocessing = 0;
		};
		05BD32971EC215F0004C6F89 /* Frameworks */ = {
			isa = PBXFrameworksBuildPhase;
			buildActionMask = 2147483647;
			files = (
			);
			runOnlyForDeploymentPostprocessing = 0;
		};
		05BD32A21EC215F0004C6F89 /* Frameworks */ = {
			isa = PBXFrameworksBuildPhase;
			buildActionMask = 2147483647;
			files = (
			);
			runOnlyForDeploymentPostprocessing = 0;
		};
/* End PBXFrameworksBuildPhase section */

/* Begin PBXGroup section */
		05BD327D1EC215EF004C6F89 = {
			isa = PBXGroup;
			children = (
				05BD32881EC215EF004C6F89 /* QuanLySinhVien */,
				05BD329D1EC215F0004C6F89 /* QuanLySinhVienTests */,
				05BD32A81EC215F0004C6F89 /* QuanLySinhVienUITests */,
				05BD32871EC215EF004C6F89 /* Products */,
			);
			sourceTree = "<group>";
		};
		05BD32871EC215EF004C6F89 /* Products */ = {
			isa = PBXGroup;
			children = (
				05BD32861EC215EF004C6F89 /* QuanLySinhVien.app */,
				05BD329A1EC215F0004C6F89 /* QuanLySinhVienTests.xctest */,
				05BD32A51EC215F0004C6F89 /* QuanLySinhVienUITests.xctest */,
			);
			name = Products;
			sourceTree = "<group>";
		};
		05BD32881EC215EF004C6F89 /* QuanLySinhVien */ = {
			isa = PBXGroup;
			children = (
				05BD32B91EC2163D004C6F89 /* View */,
				05BD32B81EC2162F004C6F89 /* Controller */,
				05BD32B71EC2160C004C6F89 /* Model */,
				05BD32891EC215EF004C6F89 /* AppDelegate.swift */,
				05BD328B1EC215EF004C6F89 /* ViewController.swift */,
				05BD328D1EC215EF004C6F89 /* Main.storyboard */,
				05BD32901EC215EF004C6F89 /* Assets.xcassets */,
				05BD32921EC215EF004C6F89 /* LaunchScreen.storyboard */,
				05BD32951EC215EF004C6F89 /* Info.plist */,
				05BD32C61EC22970004C6F89 /* Constants.swift */,
			);
			path = QuanLySinhVien;
			sourceTree = "<group>";
		};
		05BD329D1EC215F0004C6F89 /* QuanLySinhVienTests */ = {
			isa = PBXGroup;
			children = (
				05BD329E1EC215F0004C6F89 /* QuanLySinhVienTests.swift */,
				05BD32A01EC215F0004C6F89 /* Info.plist */,
			);
			path = QuanLySinhVienTests;
			sourceTree = "<group>";
		};
		05BD32A81EC215F0004C6F89 /* QuanLySinhVienUITests */ = {
			isa = PBXGroup;
			children = (
				05BD32A91EC215F0004C6F89 /* QuanLySinhVienUITests.swift */,
				05BD32AB1EC215F0004C6F89 /* Info.plist */,
			);
			path = QuanLySinhVienUITests;
			sourceTree = "<group>";
		};
		05BD32B71EC2160C004C6F89 /* Model */ = {
			isa = PBXGroup;
			children = (
				05BD32C21EC21889004C6F89 /* StudentModel.swift */,
			);
			name = Model;
			sourceTree = "<group>";
		};
		05BD32B81EC2162F004C6F89 /* Controller */ = {
			isa = PBXGroup;
			children = (
				05BD32C01EC21815004C6F89 /* AddStudentController.swift */,
				05BD32BC1EC2176D004C6F89 /* MangementStudentController.swift */,
				05BD32BE1EC217D3004C6F89 /* StudentDetailController.swift */,
			);
			name = Controller;
			sourceTree = "<group>";
		};
		05BD32B91EC2163D004C6F89 /* View */ = {
			isa = PBXGroup;
			children = (
				05BD32C41EC21918004C6F89 /* StudentTableViewCell.swift */,
			);
			name = View;
			sourceTree = "<group>";
		};
/* End PBXGroup section */

/* Begin PBXNativeTarget section */
		05BD32851EC215EF004C6F89 /* QuanLySinhVien */ = {
			isa = PBXNativeTarget;
			buildConfigurationList = 05BD32AE1EC215F0004C6F89 /* Build configuration list for PBXNativeTarget "QuanLySinhVien" */;
			buildPhases = (
				05BD32821EC215EF004C6F89 /* Sources */,
				05BD32831EC215EF004C6F89 /* Frameworks */,
				05BD32841EC215EF004C6F89 /* Resources */,
			);
			buildRules = (
			);
			dependencies = (
			);
			name = QuanLySinhVien;
			productName = QuanLySinhVien;
			productReference = 05BD32861EC215EF004C6F89 /* QuanLySinhVien.app */;
			productType = "com.apple.product-type.application";
		};
		05BD32991EC215F0004C6F89 /* QuanLySinhVienTests */ = {
			isa = PBXNativeTarget;
			buildConfigurationList = 05BD32B11EC215F0004C6F89 /* Build configuration list for PBXNativeTarget "QuanLySinhVienTests" */;
			buildPhases = (
				05BD32961EC215F0004C6F89 /* Sources */,
				05BD32971EC215F0004C6F89 /* Frameworks */,
				05BD32981EC215F0004C6F89 /* Resources */,
			);
			buildRules = (
			);
			dependencies = (
				05BD329C1EC215F0004C6F89 /* PBXTargetDependency */,
			);
			name = QuanLySinhVienTests;
			productName = QuanLySinhVienTests;
			productReference = 05BD329A1EC215F0004C6F89 /* QuanLySinhVienTests.xctest */;
			productType = "com.apple.product-type.bundle.unit-test";
		};
		05BD32A41EC215F0004C6F89 /* QuanLySinhVienUITests */ = {
			isa = PBXNativeTarget;
			buildConfigurationList = 05BD32B41EC215F0004C6F89 /* Build configuration list for PBXNativeTarget "QuanLySinhVienUITests" */;
			buildPhases = (
				05BD32A11EC215F0004C6F89 /* Sources */,
				05BD32A21EC215F0004C6F89 /* Frameworks */,
				05BD32A31EC215F0004C6F89 /* Resources */,
			);
			buildRules = (
			);
			dependencies = (
				05BD32A71EC215F0004C6F89 /* PBXTargetDependency */,
			);
			name = QuanLySinhVienUITests;
			productName = QuanLySinhVienUITests;
			productReference = 05BD32A51EC215F0004C6F89 /* QuanLySinhVienUITests.xctest */;
			productType = "com.apple.product-type.bundle.ui-testing";
		};
/* End PBXNativeTarget section */

/* Begin PBXProject section */
		05BD327E1EC215EF004C6F89 /* Project object */ = {
			isa = PBXProject;
			attributes = {
				LastSwiftUpdateCheck = 0830;
				LastUpgradeCheck = 0830;
				ORGANIZATIONNAME = HCMUTE;
				TargetAttributes = {
					05BD32851EC215EF004C6F89 = {
						CreatedOnToolsVersion = 8.3.2;
						ProvisioningStyle = Automatic;
					};
					05BD32991EC215F0004C6F89 = {
						CreatedOnToolsVersion = 8.3.2;
						ProvisioningStyle = Automatic;
						TestTargetID = 05BD32851EC215EF004C6F89;
					};
					05BD32A41EC215F0004C6F89 = {
						CreatedOnToolsVersion = 8.3.2;
						ProvisioningStyle = Automatic;
						TestTargetID = 05BD32851EC215EF004C6F89;
					};
				};
			};
			buildConfigurationList = 05BD32811EC215EF004C6F89 /* Build configuration list for PBXProject "QuanLySinhVien" */;
			compatibilityVersion = "Xcode 3.2";
			developmentRegion = English;
			hasScannedForEncodings = 0;
			knownRegions = (
				en,
				Base,
			);
			mainGroup = 05BD327D1EC215EF004C6F89;
			productRefGroup = 05BD32871EC215EF004C6F89 /* Products */;
			projectDirPath = "";
			projectRoot = "";
			targets = (
				05BD32851EC215EF004C6F89 /* QuanLySinhVien */,
				05BD32991EC215F0004C6F89 /* QuanLySinhVienTests */,
				05BD32A41EC215F0004C6F89 /* QuanLySinhVienUITests */,
			);
		};
/* End PBXProject section */

/* Begin PBXResourcesBuildPhase section */
		05BD32841EC215EF004C6F89 /* Resources */ = {
			isa = PBXResourcesBuildPhase;
			buildActionMask = 2147483647;
			files = (
				05BD32941EC215EF004C6F89 /* LaunchScreen.storyboard in Resources */,
				05BD32911EC215EF004C6F89 /* Assets.xcassets in Resources */,
				05BD328F1EC215EF004C6F89 /* Main.storyboard in Resources */,
			);
			runOnlyForDeploymentPostprocessing = 0;
		};
		05BD32981EC215F0004C6F89 /* Resources */ = {
			isa = PBXResourcesBuildPhase;
			buildActionMask = 2147483647;
			files = (
			);
			runOnlyForDeploymentPostprocessing = 0;
		};
		05BD32A31EC215F0004C6F89 /* Resources */ = {
			isa = PBXResourcesBuildPhase;
			buildActionMask = 2147483647;
			files = (
			);
			runOnlyForDeploymentPostprocessing = 0;
		};
/* End PBXResourcesBuildPhase section */

/* Begin PBXSourcesBuildPhase section */
		05BD32821EC215EF004C6F89 /* Sources */ = {
			isa = PBXSourcesBuildPhase;
			buildActionMask = 2147483647;
			files = (
				05BD328C1EC215EF004C6F89 /* ViewController.swift in Sources */,
				05BD32C31EC21889004C6F89 /* StudentModel.swift in Sources */,
				05BD32BD1EC2176D004C6F89 /* MangementStudentController.swift in Sources */,
				05BD32C71EC22970004C6F89 /* Constants.swift in Sources */,
				05BD32BF1EC217D3004C6F89 /* StudentDetailController.swift in Sources */,
				05BD32C51EC21918004C6F89 /* StudentTableViewCell.swift in Sources */,
				05BD32C11EC21815004C6F89 /* AddStudentController.swift in Sources */,
				05BD328A1EC215EF004C6F89 /* AppDelegate.swift in Sources */,
			);
			runOnlyForDeploymentPostprocessing = 0;
		};
		05BD32961EC215F0004C6F89 /* Sources */ = {
			isa = PBXSourcesBuildPhase;
			buildActionMask = 2147483647;
			files = (
				05BD329F1EC215F0004C6F89 /* QuanLySinhVienTests.swift in Sources */,
			);
			runOnlyForDeploymentPostprocessing = 0;
		};
		05BD32A11EC215F0004C6F89 /* Sources */ = {
			isa = PBXSourcesBuildPhase;
			buildActionMask = 2147483647;
			files = (
				05BD32AA1EC215F0004C6F89 /* QuanLySinhVienUITests.swift in Sources */,
			);
			runOnlyForDeploymentPostprocessing = 0;
		};
/* End PBXSourcesBuildPhase section */

/* Begin PBXTargetDependency section */
		05BD329C1EC215F0004C6F89 /* PBXTargetDependency */ = {
			isa = PBXTargetDependency;
			target = 05BD32851EC215EF004C6F89 /* QuanLySinhVien */;
			targetProxy = 05BD329B1EC215F0004C6F89 /* PBXContainerItemProxy */;
		};
		05BD32A71EC215F0004C6F89 /* PBXTargetDependency */ = {
			isa = PBXTargetDependency;
			target = 05BD32851EC215EF004C6F89 /* QuanLySinhVien */;
			targetProxy = 05BD32A61EC215F0004C6F89 /* PBXContainerItemProxy */;
		};
/* End PBXTargetDependency section */

/* Begin PBXVariantGroup section */
		05BD328D1EC215EF004C6F89 /* Main.storyboard */ = {
			isa = PBXVariantGroup;
			children = (
				05BD328E1EC215EF004C6F89 /* Base */,
			);
			name = Main.storyboard;
			sourceTree = "<group>";
		};
		05BD32921EC215EF004C6F89 /* LaunchScreen.storyboard */ = {
			isa = PBXVariantGroup;
			children = (
				05BD32931EC215EF004C6F89 /* Base */,
			);
			name = LaunchScreen.storyboard;
			sourceTree = "<group>";
		};
/* End PBXVariantGroup section */

/* Begin XCBuildConfiguration section */
		05BD32AC1EC215F0004C6F89 /* Debug */ = {
			isa = XCBuildConfiguration;
			buildSettings = {
				ALWAYS_SEARCH_USER_PATHS = NO;
				CLANG_ANALYZER_NONNULL = YES;
				CLANG_ANALYZER_NUMBER_OBJECT_CONVERSION = YES_AGGRESSIVE;
				CLANG_CXX_LANGUAGE_STANDARD = "gnu++0x";
				CLANG_CXX_LIBRARY = "libc++";
				CLANG_ENABLE_MODULES = YES;
				CLANG_ENABLE_OBJC_ARC = YES;
				CLANG_WARN_BOOL_CONVERSION = YES;
				CLANG_WARN_CONSTANT_CONVERSION = YES;
				CLANG_WARN_DIRECT_OBJC_ISA_USAGE = YES_ERROR;
				CLANG_WARN_DOCUMENTATION_COMMENTS = YES;
				CLANG_WARN_EMPTY_BODY = YES;
				CLANG_WARN_ENUM_CONVERSION = YES;
				CLANG_WARN_INFINITE_RECURSION = YES;
				CLANG_WARN_INT_CONVERSION = YES;
				CLANG_WARN_OBJC_ROOT_CLASS = YES_ERROR;
				CLANG_WARN_SUSPICIOUS_MOVE = YES;
				CLANG_WARN_UNREACHABLE_CODE = YES;
				CLANG_WARN__DUPLICATE_METHOD_MATCH = YES;
				"CODE_SIGN_IDENTITY[sdk=iphoneos*]" = "iPhone Developer";
				COPY_PHASE_STRIP = NO;
				DEBUG_INFORMATION_FORMAT = dwarf;
				ENABLE_STRICT_OBJC_MSGSEND = YES;
				ENABLE_TESTABILITY = YES;
				GCC_C_LANGUAGE_STANDARD = gnu99;
				GCC_DYNAMIC_NO_PIC = NO;
				GCC_NO_COMMON_BLOCKS = YES;
				GCC_OPTIMIZATION_LEVEL = 0;
				GCC_PREPROCESSOR_DEFINITIONS = (
					"DEBUG=1",
					"$(inherited)",
				);
				GCC_WARN_64_TO_32_BIT_CONVERSION = YES;
				GCC_WARN_ABOUT_RETURN_TYPE = YES_ERROR;
				GCC_WARN_UNDECLARED_SELECTOR = YES;
				GCC_WARN_UNINITIALIZED_AUTOS = YES_AGGRESSIVE;
				GCC_WARN_UNUSED_FUNCTION = YES;
				GCC_WARN_UNUSED_VARIABLE = YES;
				IPHONEOS_DEPLOYMENT_TARGET = 10.3;
				MTL_ENABLE_DEBUG_INFO = YES;
				ONLY_ACTIVE_ARCH = YES;
				SDKROOT = iphoneos;
				SWIFT_ACTIVE_COMPILATION_CONDITIONS = DEBUG;
				SWIFT_OPTIMIZATION_LEVEL = "-Onone";
				TARGETED_DEVICE_FAMILY = "1,2";
			};
			name = Debug;
		};
		05BD32AD1EC215F0004C6F89 /* Release */ = {
			isa = XCBuildConfiguration;
			buildSettings = {
				ALWAYS_SEARCH_USER_PATHS = NO;
				CLANG_ANALYZER_NONNULL = YES;
				CLANG_ANALYZER_NUMBER_OBJECT_CONVERSION = YES_AGGRESSIVE;
				CLANG_CXX_LANGUAGE_STANDARD = "gnu++0x";
				CLANG_CXX_LIBRARY = "libc++";
				CLANG_ENABLE_MODULES = YES;
				CLANG_ENABLE_OBJC_ARC = YES;
				CLANG_WARN_BOOL_CONVERSION = YES;
				CLANG_WARN_CONSTANT_CONVERSION = YES;
				CLANG_WARN_DIRECT_OBJC_ISA_USAGE = YES_ERROR;
				CLANG_WARN_DOCUMENTATION_COMMENTS = YES;
				CLANG_WARN_EMPTY_BODY = YES;
				CLANG_WARN_ENUM_CONVERSION = YES;
				CLANG_WARN_INFINITE_RECURSION = YES;
				CLANG_WARN_INT_CONVERSION = YES;
				CLANG_WARN_OBJC_ROOT_CLASS = YES_ERROR;
				CLANG_WARN_SUSPICIOUS_MOVE = YES;
				CLANG_WARN_UNREACHABLE_CODE = YES;
				CLANG_WARN__DUPLICATE_METHOD_MATCH = YES;
				"CODE_SIGN_IDENTITY[sdk=iphoneos*]" = "iPhone Developer";
				COPY_PHASE_STRIP = NO;
				DEBUG_INFORMATION_FORMAT = "dwarf-with-dsym";
				ENABLE_NS_ASSERTIONS = NO;
				ENABLE_STRICT_OBJC_MSGSEND = YES;
				GCC_C_LANGUAGE_STANDARD = gnu99;
				GCC_NO_COMMON_BLOCKS = YES;
				GCC_WARN_64_TO_32_BIT_CONVERSION = YES;
				GCC_WARN_ABOUT_RETURN_TYPE = YES_ERROR;
				GCC_WARN_UNDECLARED_SELECTOR = YES;
				GCC_WARN_UNINITIALIZED_AUTOS = YES_AGGRESSIVE;
				GCC_WARN_UNUSED_FUNCTION = YES;
				GCC_WARN_UNUSED_VARIABLE = YES;
				IPHONEOS_DEPLOYMENT_TARGET = 10.3;
				MTL_ENABLE_DEBUG_INFO = NO;
				SDKROOT = iphoneos;
				SWIFT_OPTIMIZATION_LEVEL = "-Owholemodule";
				TARGETED_DEVICE_FAMILY = "1,2";
				VALIDATE_PRODUCT = YES;
			};
			name = Release;
		};
		05BD32AF1EC215F0004C6F89 /* Debug */ = {
			isa = XCBuildConfiguration;
			buildSettings = {
				ASSETCATALOG_COMPILER_APPICON_NAME = AppIcon;
				INFOPLIST_FILE = QuanLySinhVien/Info.plist;
				LD_RUNPATH_SEARCH_PATHS = "$(inherited) @executable_path/Frameworks";
				PRODUCT_BUNDLE_IDENTIFIER = IT.QuanLySinhVien;
				PRODUCT_NAME = "$(TARGET_NAME)";
				SWIFT_VERSION = 3.0;
			};
			name = Debug;
		};
		05BD32B01EC215F0004C6F89 /* Release */ = {
			isa = XCBuildConfiguration;
			buildSettings = {
				ASSETCATALOG_COMPILER_APPICON_NAME = AppIcon;
				INFOPLIST_FILE = QuanLySinhVien/Info.plist;
				LD_RUNPATH_SEARCH_PATHS = "$(inherited) @executable_path/Frameworks";
				PRODUCT_BUNDLE_IDENTIFIER = IT.QuanLySinhVien;
				PRODUCT_NAME = "$(TARGET_NAME)";
				SWIFT_VERSION = 3.0;
			};
			name = Release;
		};
		05BD32B21EC215F0004C6F89 /* Debug */ = {
			isa = XCBuildConfiguration;
			buildSettings = {
				ALWAYS_EMBED_SWIFT_STANDARD_LIBRARIES = YES;
				BUNDLE_LOADER = "$(TEST_HOST)";
				INFOPLIST_FILE = QuanLySinhVienTests/Info.plist;
				LD_RUNPATH_SEARCH_PATHS = "$(inherited) @executable_path/Frameworks @loader_path/Frameworks";
				PRODUCT_BUNDLE_IDENTIFIER = IT.QuanLySinhVienTests;
				PRODUCT_NAME = "$(TARGET_NAME)";
				SWIFT_VERSION = 3.0;
				TEST_HOST = "$(BUILT_PRODUCTS_DIR)/QuanLySinhVien.app/QuanLySinhVien";
			};
			name = Debug;
		};
		05BD32B31EC215F0004C6F89 /* Release */ = {
			isa = XCBuildConfiguration;
			buildSettings = {
				ALWAYS_EMBED_SWIFT_STANDARD_LIBRARIES = YES;
				BUNDLE_LOADER = "$(TEST_HOST)";
				INFOPLIST_FILE = QuanLySinhVienTests/Info.plist;
				LD_RUNPATH_SEARCH_PATHS = "$(inherited) @executable_path/Frameworks @loader_path/Frameworks";
				PRODUCT_BUNDLE_IDENTIFIER = IT.QuanLySinhVienTests;
				PRODUCT_NAME = "$(TARGET_NAME)";
				SWIFT_VERSION = 3.0;
				TEST_HOST = "$(BUILT_PRODUCTS_DIR)/QuanLySinhVien.app/QuanLySinhVien";
			};
			name = Release;
		};
		05BD32B51EC215F0004C6F89 /* Debug */ = {
			isa = XCBuildConfiguration;
			buildSettings = {
				ALWAYS_EMBED_SWIFT_STANDARD_LIBRARIES = YES;
				INFOPLIST_FILE = QuanLySinhVienUITests/Info.plist;
				LD_RUNPATH_SEARCH_PATHS = "$(inherited) @executable_path/Frameworks @loader_path/Frameworks";
				PRODUCT_BUNDLE_IDENTIFIER = IT.QuanLySinhVienUITests;
				PRODUCT_NAME = "$(TARGET_NAME)";
				SWIFT_VERSION = 3.0;
				TEST_TARGET_NAME = QuanLySinhVien;
			};
			name = Debug;
		};
		05BD32B61EC215F0004C6F89 /* Release */ = {
			isa = XCBuildConfiguration;
			buildSettings = {
				ALWAYS_EMBED_SWIFT_STANDARD_LIBRARIES = YES;
				INFOPLIST_FILE = QuanLySinhVienUITests/Info.plist;
				LD_RUNPATH_SEARCH_PATHS = "$(inherited) @executable_path/Frameworks @loader_path/Frameworks";
				PRODUCT_BUNDLE_IDENTIFIER = IT.QuanLySinhVienUITests;
				PRODUCT_NAME = "$(TARGET_NAME)";
				SWIFT_VERSION = 3.0;
				TEST_TARGET_NAME = QuanLySinhVien;
			};
			name = Release;
		};
/* End XCBuildConfiguration section */

/* Begin XCConfigurationList section */
		05BD32811EC215EF004C6F89 /* Build configuration list for PBXProject "QuanLySinhVien" */ = {
			isa = XCConfigurationList;
			buildConfigurations = (
				05BD32AC1EC215F0004C6F89 /* Debug */,
				05BD32AD1EC215F0004C6F89 /* Release */,
			);
			defaultConfigurationIsVisible = 0;
			defaultConfigurationName = Release;
		};
		05BD32AE1EC215F0004C6F89 /* Build configuration list for PBXNativeTarget "QuanLySinhVien" */ = {
			isa = XCConfigurationList;
			buildConfigurations = (
				05BD32AF1EC215F0004C6F89 /* Debug */,
				05BD32B01EC215F0004C6F89 /* Release */,
			);
			defaultConfigurationIsVisible = 0;
		};
		05BD32B11EC215F0004C6F89 /* Build configuration list for PBXNativeTarget "QuanLySinhVienTests" */ = {
			isa = XCConfigurationList;
			buildConfigurations = (
				05BD32B21EC215F0004C6F89 /* Debug */,
				05BD32B31EC215F0004C6F89 /* Release */,
			);
			defaultConfigurationIsVisible = 0;
		};
		05BD32B41EC215F0004C6F89 /* Build configuration list for PBXNativeTarget "QuanLySinhVienUITests" */ = {
			isa = XCConfigurationList;
			buildConfigurations = (
				05BD32B51EC215F0004C6F89 /* Debug */,
				05BD32B61EC215F0004C6F89 /* Release */,
			);
			defaultConfigurationIsVisible = 0;
		};
/* End XCConfigurationList section */
	};
	rootObject = 05BD327E1EC215EF004C6F89 /* Project object */;
}
